
Microsoft Visual Studio Solution File, Format Version 12.00
# Visual Studio Version 17
VisualStudioVersion = 17.7.34003.232
MinimumVisualStudioVersion = 10.0.40219.1
Project("{8BC9CEB8-8B4A-11D0-8D11-00A0C91BC942}") = "picture-maze", "picture-maze.vcxproj", "{B41F7757-50F5-4F34-A412-F0C271A42FC7}"
EndProject
Global
	GlobalSection(SolutionConfigurationPlatforms) = preSolution
		Debug|x64 = Debug|x64
		Release|x64 = Release|x64
	EndGlobalSection
	GlobalSection(ProjectConfigurationPlatforms) = postSolution
		{B41F7757-50F5-4F34-A412-F0C271A42FC7}.Debug|x64.ActiveCfg = Debug|x64
		{B41F7757-50F5-4F34-A412-F0C271A42FC7}.Debug|x64.Build.0 = Debug|x64
		{B41F7757-50F5-4F34-A412-F0C271A42FC7}.Release|x64.ActiveCfg = Release|x64
		{B41F7757-50F5-4F34-A412-F0C271A42FC7}.Release|x64.Build.0 = Release|x64
	EndGlobalSection
	GlobalSection(SolutionProperties) = preSolution
		HideSolutionNode = FALSE
	EndGlobalSection
	GlobalSection(ExtensibilityGlobals) = postSolution
		SolutionGuid = {F0C7B851-A21D-4D6F-9B81-7E5FC0A5BDE4}
	EndGlobalSection
EndGlobal
